
Microsoft Visual Studio Solution File, Format Version 12.00
# Visual Studio Version 17
VisualStudioVersion = 17.6.33815.320
MinimumVisualStudioVersion = 10.0.40219.1
Project("{FAE04EC0-301F-11D3-BF4B-00C04F79EFBC}") = "CapaEnlaceDatos", "CapaEnlaceDatos\CapaEnlaceDatos.csproj", "{965BE221-708A-4E35-A03D-0B4103091244}"
EndProject
Project("{FAE04EC0-301F-11D3-BF4B-00C04F79EFBC}") = "CapaEnlaceNegocio", "CapaEnlaceNegocio\CapaEnlaceNegocio.csproj", "{2E0E1629-C6FC-413C-9C73-3BF8E84E5733}"
EndProject
Project("{FAE04EC0-301F-11D3-BF4B-00C04F79EFBC}") = "CapaEnlacePresentacion", "CapaEnlacePresentacion\CapaEnlacePresentacion.csproj", "{5EAA1AB7-30F6-4EA5-934A-86E0F4E7F407}"
EndProject
Global
	GlobalSection(SolutionConfigurationPlatforms) = preSolution
		Debug|Any CPU = Debug|Any CPU
		Release|Any CPU = Release|Any CPU
	EndGlobalSection
	GlobalSection(ProjectConfigurationPlatforms) = postSolution
		{965BE221-708A-4E35-A03D-0B4103091244}.Debug|Any CPU.ActiveCfg = Debug|Any CPU
		{965BE221-708A-4E35-A03D-0B4103091244}.Debug|Any CPU.Build.0 = Debug|Any CPU
		{965BE221-708A-4E35-A03D-0B4103091244}.Release|Any CPU.ActiveCfg = Release|Any CPU
		{965BE221-708A-4E35-A03D-0B4103091244}.Release|Any CPU.Build.0 = Release|Any CPU
		{2E0E1629-C6FC-413C-9C73-3BF8E84E5733}.Debug|Any CPU.ActiveCfg = Debug|Any CPU
		{2E0E1629-C6FC-413C-9C73-3BF8E84E5733}.Debug|Any CPU.Build.0 = Debug|Any CPU
		{2E0E1629-C6FC-413C-9C73-3BF8E84E5733}.Release|Any CPU.ActiveCfg = Release|Any CPU
		{2E0E1629-C6FC-413C-9C73-3BF8E84E5733}.Release|Any CPU.Build.0 = Release|Any CPU
		{5EAA1AB7-30F6-4EA5-934A-86E0F4E7F407}.Debug|Any CPU.ActiveCfg = Debug|Any CPU
		{5EAA1AB7-30F6-4EA5-934A-86E0F4E7F407}.Debug|Any CPU.Build.0 = Debug|Any CPU
		{5EAA1AB7-30F6-4EA5-934A-86E0F4E7F407}.Release|Any CPU.ActiveCfg = Release|Any CPU
		{5EAA1AB7-30F6-4EA5-934A-86E0F4E7F407}.Release|Any CPU.Build.0 = Release|Any CPU
	EndGlobalSection
	GlobalSection(SolutionProperties) = preSolution
		HideSolutionNode = FALSE
	EndGlobalSection
	GlobalSection(ExtensibilityGlobals) = postSolution
		SolutionGuid = {CB1310BA-D4C1-4026-8F67-12817CACBAAF}
	EndGlobalSection
EndGlobal
